dependencies:
- name: docker-registry
  repository: https://helm.twun.io
  version: 2.1.0
- name: minio
  repository: https://charts.min.io/
  version: 3.3.0
- name: tritoninferenceserver-hypha
  repository: file://../tritoninferenceserver-hypha
  version: 1.0.5
- name: redis
  repository: https://charts.bitnami.com/bitnami
  version: 17.11.6
digest: sha256:f513dba8f9978281f7d8e496c3341cdcabb07389f08fe168e52869b186acc852
generated: "2023-09-19T10:41:56.049018409+01:00"
