dependencies:
- name: minio
  repository: https://charts.min.io/
  version: 3.3.0
- name: tritoninferenceserver-hypha
  repository: file://../tritoninferenceserver-hypha
  version: 1.0.11
- name: redis
  repository: https://charts.bitnami.com/bitnami
  version: 17.11.6
digest: sha256:bcb97d67727efe517735757aac9afb57007fc5721605bcd7b48d897f728b5938
generated: "2024-02-02T14:12:49.506495296Z"
