dependencies:
- name: minio
  repository: https://charts.bitnami.com/bitnami
  version: 13.4.3
- name: tritoninferenceserver
  repository: file://../tritoninferenceserver
  version: 1.1.2
- name: redis
  repository: https://charts.bitnami.com/bitnami
  version: 17.11.6
digest: sha256:89ee5619cd218f473f1bd6326787e5964b28d1c5d520af3329e6dee2ee691e70
generated: "2024-05-07T09:07:40.632273684+01:00"
